
Microsoft Visual Studio Solution File, Format Version 12.00
# Visual Studio 15
VisualStudioVersion = 15.0.27703.2018
MinimumVisualStudioVersion = 10.0.40219.1
Project("{FAE04EC0-301F-11D3-BF4B-00C04F79EFBC}") = "ClassAndMethods3", "ClassAndMethods3\ClassAndMethods3.csproj", "{1F6C550D-9409-4A45-9174-179728CF10DD}"
EndProject
Global
	GlobalSection(SolutionConfigurationPlatforms) = preSolution
		Debug|Any CPU = Debug|Any CPU
		Release|Any CPU = Release|Any CPU
	EndGlobalSection
	GlobalSection(ProjectConfigurationPlatforms) = postSolution
		{1F6C550D-9409-4A45-9174-179728CF10DD}.Debug|Any CPU.ActiveCfg = Debug|Any CPU
		{1F6C550D-9409-4A45-9174-179728CF10DD}.Debug|Any CPU.Build.0 = Debug|Any CPU
		{1F6C550D-9409-4A45-9174-179728CF10DD}.Release|Any CPU.ActiveCfg = Release|Any CPU
		{1F6C550D-9409-4A45-9174-179728CF10DD}.Release|Any CPU.Build.0 = Release|Any CPU
	EndGlobalSection
	GlobalSection(SolutionProperties) = preSolution
		HideSolutionNode = FALSE
	EndGlobalSection
	GlobalSection(ExtensibilityGlobals) = postSolution
		SolutionGuid = {A223745A-FB54-4868-B10B-7FF63B84A629}
	EndGlobalSection
EndGlobal
