
Microsoft Visual Studio Solution File, Format Version 12.00
# Visual Studio 15
VisualStudioVersion = 15.0.27703.2018
MinimumVisualStudioVersion = 10.0.40219.1
Project("{FAE04EC0-301F-11D3-BF4B-00C04F79EFBC}") = "Struckts", "Struckts\Struckts.csproj", "{B8E952C9-A326-429C-9D70-1166DE2C565C}"
EndProject
Global
	GlobalSection(SolutionConfigurationPlatforms) = preSolution
		Debug|Any CPU = Debug|Any CPU
		Release|Any CPU = Release|Any CPU
	EndGlobalSection
	GlobalSection(ProjectConfigurationPlatforms) = postSolution
		{B8E952C9-A326-429C-9D70-1166DE2C565C}.Debug|Any CPU.ActiveCfg = Debug|Any CPU
		{B8E952C9-A326-429C-9D70-1166DE2C565C}.Debug|Any CPU.Build.0 = Debug|Any CPU
		{B8E952C9-A326-429C-9D70-1166DE2C565C}.Release|Any CPU.ActiveCfg = Release|Any CPU
		{B8E952C9-A326-429C-9D70-1166DE2C565C}.Release|Any CPU.Build.0 = Release|Any CPU
	EndGlobalSection
	GlobalSection(SolutionProperties) = preSolution
		HideSolutionNode = FALSE
	EndGlobalSection
	GlobalSection(ExtensibilityGlobals) = postSolution
		SolutionGuid = {15E0608C-6E34-447C-B1F7-205D059ACD2C}
	EndGlobalSection
EndGlobal
